
Microsoft Visual Studio Solution File, Format Version 12.00
# Visual Studio Version 17
VisualStudioVersion = 17.4.33403.182
MinimumVisualStudioVersion = 10.0.40219.1
Project("{8BC9CEB8-8B4A-11D0-8D11-00A0C91BC942}") = "chapter3", "chapter3\chapter3.vcxproj", "{5E7B3274-B30E-43B6-B719-39F04B769B02}"
EndProject
Project("{8BC9CEB8-8B4A-11D0-8D11-00A0C91BC942}") = "chapter2", "chapter2\chapter2.vcxproj", "{2649D635-4FAC-4F8D-9411-078592868DEF}"
EndProject
Project("{8BC9CEB8-8B4A-11D0-8D11-00A0C91BC942}") = "chapter4", "chapter4\chapter4.vcxproj", "{64EB96F0-C7A5-4011-8162-490DB07F28CC}"
EndProject
Project("{8BC9CEB8-8B4A-11D0-8D11-00A0C91BC942}") = "chapter5", "chapter5\chapter5.vcxproj", "{A99EFC32-D9CF-4687-A45A-D3A40ACC29E6}"
EndProject
Global
	GlobalSection(SolutionConfigurationPlatforms) = preSolution
		Debug|x64 = Debug|x64
		Debug|x86 = Debug|x86
		Release|x64 = Release|x64
		Release|x86 = Release|x86
	EndGlobalSection
	GlobalSection(ProjectConfigurationPlatforms) = postSolution
		{5E7B3274-B30E-43B6-B719-39F04B769B02}.Debug|x64.ActiveCfg = Debug|x64
		{5E7B3274-B30E-43B6-B719-39F04B769B02}.Debug|x64.Build.0 = Debug|x64
		{5E7B3274-B30E-43B6-B719-39F04B769B02}.Debug|x86.ActiveCfg = Debug|Win32
		{5E7B3274-B30E-43B6-B719-39F04B769B02}.Debug|x86.Build.0 = Debug|Win32
		{5E7B3274-B30E-43B6-B719-39F04B769B02}.Release|x64.ActiveCfg = Release|x64
		{5E7B3274-B30E-43B6-B719-39F04B769B02}.Release|x64.Build.0 = Release|x64
		{5E7B3274-B30E-43B6-B719-39F04B769B02}.Release|x86.ActiveCfg = Release|Win32
		{5E7B3274-B30E-43B6-B719-39F04B769B02}.Release|x86.Build.0 = Release|Win32
		{2649D635-4FAC-4F8D-9411-078592868DEF}.Debug|x64.ActiveCfg = Debug|x64
		{2649D635-4FAC-4F8D-9411-078592868DEF}.Debug|x64.Build.0 = Debug|x64
		{2649D635-4FAC-4F8D-9411-078592868DEF}.Debug|x86.ActiveCfg = Debug|Win32
		{2649D635-4FAC-4F8D-9411-078592868DEF}.Debug|x86.Build.0 = Debug|Win32
		{2649D635-4FAC-4F8D-9411-078592868DEF}.Release|x64.ActiveCfg = Release|x64
		{2649D635-4FAC-4F8D-9411-078592868DEF}.Release|x64.Build.0 = Release|x64
		{2649D635-4FAC-4F8D-9411-078592868DEF}.Release|x86.ActiveCfg = Release|Win32
		{2649D635-4FAC-4F8D-9411-078592868DEF}.Release|x86.Build.0 = Release|Win32
		{64EB96F0-C7A5-4011-8162-490DB07F28CC}.Debug|x64.ActiveCfg = Debug|x64
		{64EB96F0-C7A5-4011-8162-490DB07F28CC}.Debug|x64.Build.0 = Debug|x64
		{64EB96F0-C7A5-4011-8162-490DB07F28CC}.Debug|x86.ActiveCfg = Debug|Win32
		{64EB96F0-C7A5-4011-8162-490DB07F28CC}.Debug|x86.Build.0 = Debug|Win32
		{64EB96F0-C7A5-4011-8162-490DB07F28CC}.Release|x64.ActiveCfg = Release|x64
		{64EB96F0-C7A5-4011-8162-490DB07F28CC}.Release|x64.Build.0 = Release|x64
		{64EB96F0-C7A5-4011-8162-490DB07F28CC}.Release|x86.ActiveCfg = Release|Win32
		{64EB96F0-C7A5-4011-8162-490DB07F28CC}.Release|x86.Build.0 = Release|Win32
		{A99EFC32-D9CF-4687-A45A-D3A40ACC29E6}.Debug|x64.ActiveCfg = Debug|x64
		{A99EFC32-D9CF-4687-A45A-D3A40ACC29E6}.Debug|x64.Build.0 = Debug|x64
		{A99EFC32-D9CF-4687-A45A-D3A40ACC29E6}.Debug|x86.ActiveCfg = Debug|Win32
		{A99EFC32-D9CF-4687-A45A-D3A40ACC29E6}.Debug|x86.Build.0 = Debug|Win32
		{A99EFC32-D9CF-4687-A45A-D3A40ACC29E6}.Release|x64.ActiveCfg = Release|x64
		{A99EFC32-D9CF-4687-A45A-D3A40ACC29E6}.Release|x64.Build.0 = Release|x64
		{A99EFC32-D9CF-4687-A45A-D3A40ACC29E6}.Release|x86.ActiveCfg = Release|Win32
		{A99EFC32-D9CF-4687-A45A-D3A40ACC29E6}.Release|x86.Build.0 = Release|Win32
	EndGlobalSection
	GlobalSection(SolutionProperties) = preSolution
		HideSolutionNode = FALSE
	EndGlobalSection
	GlobalSection(ExtensibilityGlobals) = postSolution
		SolutionGuid = {788A8AE5-DC68-4E92-966B-B39876E040C7}
	EndGlobalSection
EndGlobal
